
Microsoft Visual Studio Solution File, Format Version 12.00
# Visual Studio Version 17
VisualStudioVersion = 17.14.36327.8 d17.14
MinimumVisualStudioVersion = 10.0.40219.1
Project("{FAE04EC0-301F-11D3-BF4B-00C04F79EFBC}") = "MBD_SVConfigurableStartSector", "MBD_SVConfigurableStartSector.csproj", "{58E2292D-D09A-4359-BCDC-551B1106A1A3}"
EndProject
Global
	GlobalSection(SolutionConfigurationPlatforms) = preSolution
		Debug|Any CPU = Debug|Any CPU
		Release|Any CPU = Release|Any CPU
	EndGlobalSection
	GlobalSection(ProjectConfigurationPlatforms) = postSolution
		{58E2292D-D09A-4359-BCDC-551B1106A1A3}.Debug|Any CPU.ActiveCfg = Debug|Any CPU
		{58E2292D-D09A-4359-BCDC-551B1106A1A3}.Debug|Any CPU.Build.0 = Debug|Any CPU
		{58E2292D-D09A-4359-BCDC-551B1106A1A3}.Release|Any CPU.ActiveCfg = Release|Any CPU
		{58E2292D-D09A-4359-BCDC-551B1106A1A3}.Release|Any CPU.Build.0 = Release|Any CPU
	EndGlobalSection
	GlobalSection(SolutionProperties) = preSolution
		HideSolutionNode = FALSE
	EndGlobalSection
	GlobalSection(ExtensibilityGlobals) = postSolution
		SolutionGuid = {F0C8800D-4F90-4BDA-8CCA-97F54CB0CFDD}
	EndGlobalSection
EndGlobal
